
Microsoft Visual Studio Solution File, Format Version 12.00
# Visual Studio Version 17
VisualStudioVersion = 17.11.35327.3
MinimumVisualStudioVersion = 10.0.40219.1
Project("{FAE04EC0-301F-11D3-BF4B-00C04F79EFBC}") = "StudentInfo", "StudentInfo.csproj", "{DB017274-B180-4DF3-8645-91BBA30F67C0}"
EndProject
Global
	GlobalSection(SolutionConfigurationPlatforms) = preSolution
		Debug|Any CPU = Debug|Any CPU
		Release|Any CPU = Release|Any CPU
	EndGlobalSection
	GlobalSection(ProjectConfigurationPlatforms) = postSolution
		{DB017274-B180-4DF3-8645-91BBA30F67C0}.Debug|Any CPU.ActiveCfg = Debug|Any CPU
		{DB017274-B180-4DF3-8645-91BBA30F67C0}.Debug|Any CPU.Build.0 = Debug|Any CPU
		{DB017274-B180-4DF3-8645-91BBA30F67C0}.Release|Any CPU.ActiveCfg = Release|Any CPU
		{DB017274-B180-4DF3-8645-91BBA30F67C0}.Release|Any CPU.Build.0 = Release|Any CPU
	EndGlobalSection
	GlobalSection(SolutionProperties) = preSolution
		HideSolutionNode = FALSE
	EndGlobalSection
	GlobalSection(ExtensibilityGlobals) = postSolution
		SolutionGuid = {D3CD798D-7FC0-4E99-A199-D7D1CFE96B9A}
	EndGlobalSection
EndGlobal
